<?xml version="1.0" encoding="utf-8"?>
<Project ToolsVersion="4.0" xmlns="http://schemas.microsoft.com/developer/msbuild/2003">
  <ItemGroup>
    <Filter Include="Misc">
      <UniqueIdentifier>{859b6e19-165c-4b77-9c26-e2483e7f9098}</UniqueIdentifier>
    </Filter>
    <Filter Include="_api">
      <UniqueIdentifier>{4FC737F1-C7A5-4376-A066-2A32D752A2FF}</UniqueIdentifier>
    </Filter>
    <Filter Include="Test_Language">
      <UniqueIdentifier>{93995380-89BD-4b04-88EB-625FBE52EBFB}</UniqueIdentifier>
    </Filter>
    <Filter Include="Test_BuildLibrary">
      <UniqueIdentifier>{d2cadfe0-9d78-4304-8c9a-004357418486}</UniqueIdentifier>
    </Filter>
    <Filter Include="Test_API">
      <UniqueIdentifier>{f0e8f03e-5256-4b28-9abc-f3dbe790b7b3}</UniqueIdentifier>
    </Filter>
    <Filter Include="Test_Program">
      <UniqueIdentifier>{5174567d-697d-4b47-a04f-7b82f97c2e87}</UniqueIdentifier>
    </Filter>
  </ItemGroup>
  <ItemGroup>
    <None Include="io.c">
      <Filter>Misc</Filter>
    </None>
    <None Include="fibonacci.c">
      <Filter>Misc</Filter>
    </None>
    <None Include="debug.c">
      <Filter>Misc</Filter>
    </None>
    <None Include="data_structure.c">
      <Filter>Test_BuildLibrary</Filter>
    </None>
    <None Include="libc.c">
      <Filter>Test_API</Filter>
    </None>
    <None Include="type.c">
      <Filter>Test_Language</Filter>
    </None>
    <None Include="api.c">
      <Filter>_api</Filter>
    </None>
    <None Include="greedy_snake.c">
      <Filter>Test_Program</Filter>
    </None>
    <None Include="..\..\DevLog\LIBC.md" />
  </ItemGroup>
  <ItemGroup>
    <Text Include="IncludedSource.txt" />
  </ItemGroup>
  <ItemGroup>
    <ClInclude Include="api.h">
      <Filter>_api</Filter>
    </ClInclude>
  </ItemGroup>
</Project>