<?xml version="1.0" encoding="utf-8"?>
<Project ToolsVersion="4.0" xmlns="http://schemas.microsoft.com/developer/msbuild/2003">
  <ItemGroup>
    <Filter Include="Include">
      <UniqueIdentifier>{93c969f6-13e7-4a00-9b48-dd1f8fd8fbbe}</UniqueIdentifier>
    </Filter>
    <Filter Include="Test">
      <UniqueIdentifier>{d6757d8c-10ff-43a3-9602-ad791a088361}</UniqueIdentifier>
    </Filter>
  </ItemGroup>
  <ItemGroup>
    <ClCompile Include="..\..\Source\testing\testing_main.cpp">
      <Filter>Include</Filter>
    </ClCompile>
    <ClCompile Include="..\..\Test\UnitTest_Memory.cpp">
      <Filter>Test</Filter>
    </ClCompile>
    <ClCompile Include="..\..\Source\Memory\Span.cpp">
      <Filter>Include</Filter>
    </ClCompile>
  </ItemGroup>
  <ItemGroup>
    <ClInclude Include="..\..\Source\testing\tester.h">
      <Filter>Include</Filter>
    </ClInclude>
    <ClInclude Include="..\..\Source\Memory\Span.h">
      <Filter>Include</Filter>
    </ClInclude>
  </ItemGroup>
</Project>