<?xml version="1.0" encoding="utf-8"?>
<Project ToolsVersion="4.0" xmlns="http://schemas.microsoft.com/developer/msbuild/2003">
  <ItemGroup>
    <ClInclude Include="..\..\Source\lex\tokenizer.h">
      <Filter>Token</Filter>
    </ClInclude>
    <ClInclude Include="..\..\Source\logging\logging.h">
      <Filter>Util</Filter>
    </ClInclude>
    <ClInclude Include="..\..\Source\util\String.h">
      <Filter>Util</Filter>
    </ClInclude>
    <ClInclude Include="..\..\Source\util\Integer.h">
      <Filter>Util</Filter>
    </ClInclude>
    <ClInclude Include="..\..\Source\ir\Ast.h">
      <Filter>IR</Filter>
    </ClInclude>
    <ClInclude Include="..\..\Source\ir\Location.h">
      <Filter>IR</Filter>
    </ClInclude>
    <ClInclude Include="..\..\Source\codegen\AstCompiler.h">
      <Filter>CodeGeneration</Filter>
    </ClInclude>
    <ClInclude Include="..\..\Source\util\Bit.h">
      <Filter>Util</Filter>
    </ClInclude>
    <ClInclude Include="..\..\Source\ir\CallingConvention.h">
      <Filter>IR</Filter>
    </ClInclude>
    <ClInclude Include="..\..\Source\codegen\Translation.h">
      <Filter>CodeGeneration</Filter>
    </ClInclude>
    <ClInclude Include="..\..\Source\Preprocess\Preprocess.h">
      <Filter>Preproc</Filter>
    </ClInclude>
    <ClInclude Include="..\..\Source\util\common.h">
      <Filter>Util</Filter>
    </ClInclude>
    <ClInclude Include="..\..\Source\util\Charset.h">
      <Filter>Util</Filter>
    </ClInclude>
    <ClInclude Include="..\..\Source\ir\TypeContext.h">
      <Filter>IR</Filter>
    </ClInclude>
    <ClInclude Include="..\..\Source\ir\DefinitionContext.h">
      <Filter>IR</Filter>
    </ClInclude>
    <ClInclude Include="..\..\Source\ir\ConstantContext.h">
      <Filter>IR</Filter>
    </ClInclude>
    <ClInclude Include="..\..\Source\ir\FunctionContext.h">
      <Filter>IR</Filter>
    </ClInclude>
  </ItemGroup>
  <ItemGroup>
    <ClCompile Include="..\..\Source\lex\tokenizer.cpp">
      <Filter>Token</Filter>
    </ClCompile>
    <ClCompile Include="..\..\Source\main.cpp" />
    <ClCompile Include="..\..\Source\logging\logging.cpp">
      <Filter>Util</Filter>
    </ClCompile>
    <ClCompile Include="..\..\Source\ir\Ast.cpp">
      <Filter>IR</Filter>
    </ClCompile>
    <ClCompile Include="..\..\Source\codegen\AstCompiler.cpp">
      <Filter>CodeGeneration</Filter>
    </ClCompile>
    <ClCompile Include="..\..\Source\codegen\Translation.cpp">
      <Filter>CodeGeneration</Filter>
    </ClCompile>
    <ClCompile Include="..\..\Source\ir\CallingConvention.cpp">
      <Filter>IR</Filter>
    </ClCompile>
    <ClCompile Include="..\..\Source\Preprocess\Preprocess.cpp">
      <Filter>Preproc</Filter>
    </ClCompile>
    <ClCompile Include="..\..\Source\util\String.cpp">
      <Filter>Util</Filter>
    </ClCompile>
    <ClCompile Include="..\..\Source\util\Charset.cpp">
      <Filter>Util</Filter>
    </ClCompile>
    <ClCompile Include="..\..\Source\ir\TypeContext.cpp">
      <Filter>IR</Filter>
    </ClCompile>
    <ClCompile Include="..\..\Source\ir\DefinitionContext.cpp">
      <Filter>IR</Filter>
    </ClCompile>
    <ClCompile Include="..\..\Source\ir\ConstantContext.cpp">
      <Filter>IR</Filter>
    </ClCompile>
    <ClCompile Include="..\..\Source\ir\FunctionContext.cpp">
      <Filter>IR</Filter>
    </ClCompile>
  </ItemGroup>
  <ItemGroup>
    <None Include="..\..\Source\TODO.md" />
    <None Include="..\..\Source\MOD.md" />
    <None Include="..\..\Test\PROG.md" />
    <None Include="..\..\Source\IR.md" />
  </ItemGroup>
  <ItemGroup>
    <Filter Include="IR">
      <UniqueIdentifier>{8b8e8160-1629-4c9a-a5de-b396ac59f285}</UniqueIdentifier>
    </Filter>
    <Filter Include="CodeGeneration">
      <UniqueIdentifier>{4493f16a-2ae3-43d5-a0f7-bdd44a5a117c}</UniqueIdentifier>
    </Filter>
    <Filter Include="Util">
      <UniqueIdentifier>{6f481897-d87c-4b8c-8723-169db4bcf41b}</UniqueIdentifier>
    </Filter>
    <Filter Include="TestProgram">
      <UniqueIdentifier>{59b13598-559f-4567-9a35-1ee130d76635}</UniqueIdentifier>
    </Filter>
    <Filter Include="Token">
      <UniqueIdentifier>{30426051-969a-4ee3-a4dc-fe32df8f5f11}</UniqueIdentifier>
    </Filter>
    <Filter Include="Preproc">
      <UniqueIdentifier>{852f7727-a09e-425f-a7ae-622b50d8a239}</UniqueIdentifier>
    </Filter>
  </ItemGroup>
  <ItemGroup>
    <Text Include="..\..\Test\Simple.txt">
      <Filter>TestProgram</Filter>
    </Text>
    <Text Include="..\..\Source\ir\BNF.txt">
      <Filter>IR</Filter>
    </Text>
  </ItemGroup>
</Project>